
Microsoft Visual Studio Solution File, Format Version 12.00
# Visual Studio 2013
VisualStudioVersion = 12.0.21005.1
MinimumVisualStudioVersion = 10.0.40219.1
Project("{FAE04EC0-301F-11D3-BF4B-00C04F79EFBC}") = "RoomAutomationSystem", "RoomAutomationSystem\RoomAutomationSystem.csproj", "{B7364E10-4DA3-4F02-B704-357DADCDA9F8}"
EndProject
Project("{2150E333-8FDC-42A3-9474-1A3956D46DE8}") = ".nuget", ".nuget", "{417FF664-7FF3-48F2-B922-36A9D3354CF8}"
	ProjectSection(SolutionItems) = preProject
		.nuget\packages.config = .nuget\packages.config
	EndProjectSection
EndProject
Global
	GlobalSection(SolutionConfigurationPlatforms) = preSolution
		Debug|Any CPU = Debug|Any CPU
		Release|Any CPU = Release|Any CPU
	EndGlobalSection
	GlobalSection(ProjectConfigurationPlatforms) = postSolution
		{B7364E10-4DA3-4F02-B704-357DADCDA9F8}.Debug|Any CPU.ActiveCfg = Debug|Any CPU
		{B7364E10-4DA3-4F02-B704-357DADCDA9F8}.Debug|Any CPU.Build.0 = Debug|Any CPU
		{B7364E10-4DA3-4F02-B704-357DADCDA9F8}.Release|Any CPU.ActiveCfg = Release|Any CPU
		{B7364E10-4DA3-4F02-B704-357DADCDA9F8}.Release|Any CPU.Build.0 = Release|Any CPU
	EndGlobalSection
	GlobalSection(SolutionProperties) = preSolution
		HideSolutionNode = FALSE
	EndGlobalSection
EndGlobal
